// !$*UTF8*$!
{
	archiveVersion = 1;
	classes = {
	};
	objectVersion = 50;
	objects = {

/* Begin PBXBuildFile section */
		5F67B670220BD75500227D14 /* HubView.m in Sources */ = {isa = PBXBuildFile; fileRef = 5F67B66F220BD75500227D14 /* HubView.m */; };
		5F77C1532204482B002A8300 /* AppDelegate.m in Sources */ = {isa = PBXBuildFile; fileRef = 5F77C1522204482B002A8300 /* AppDelegate.m */; };
		5F77C1562204482B002A8300 /* HubVC.m in Sources */ = {isa = PBXBuildFile; fileRef = 5F77C1552204482B002A8300 /* HubVC.m */; };
		5F77C15E2204482F002A8300 /* LaunchScreen.storyboard in Resources */ = {isa = PBXBuildFile; fileRef = 5F77C15C2204482F002A8300 /* LaunchScreen.storyboard */; };
		5F77C1612204482F002A8300 /* main.m in Sources */ = {isa = PBXBuildFile; fileRef = 5F77C1602204482F002A8300 /* main.m */; };
		5F96A4DA220AD39100026AD0 /* Player.m in Sources */ = {isa = PBXBuildFile; fileRef = 5F96A4D9220AD39100026AD0 /* Player.m */; };
		D6A4D46C220A86D7006FB2BB /* Utility.m in Sources */ = {isa = PBXBuildFile; fileRef = D6A4D46B220A86D7006FB2BB /* Utility.m */; };
		D6B56A80220AA9930092744F /* UtilityTests.m in Sources */ = {isa = PBXBuildFile; fileRef = D6B56A7F220AA9930092744F /* UtilityTests.m */; };
		D6B56A87220AA9B30092744F /* Utility.m in Sources */ = {isa = PBXBuildFile; fileRef = D6A4D46B220A86D7006FB2BB /* Utility.m */; };
		D6B56A95220AB49D0092744F /* Assets.xcassets in Resources */ = {isa = PBXBuildFile; fileRef = 5F77C15A2204482F002A8300 /* Assets.xcassets */; };
		D6B56A97220AB5710092744F /* Assets in Resources */ = {isa = PBXBuildFile; fileRef = D6B56A96220AB5710092744F /* Assets */; };
/* End PBXBuildFile section */

/* Begin PBXContainerItemProxy section */
		D6B56A82220AA9930092744F /* PBXContainerItemProxy */ = {
			isa = PBXContainerItemProxy;
			containerPortal = 5F77C1462204482B002A8300 /* Project object */;
			proxyType = 1;
			remoteGlobalIDString = 5F77C14D2204482B002A8300;
			remoteInfo = Lucidelve;
		};
/* End PBXContainerItemProxy section */

/* Begin PBXFileReference section */
		5F67B66E220BD70B00227D14 /* HubView.h */ = {isa = PBXFileReference; lastKnownFileType = sourcecode.c.h; path = HubView.h; sourceTree = "<group>"; };
		5F67B66F220BD75500227D14 /* HubView.m */ = {isa = PBXFileReference; lastKnownFileType = sourcecode.c.objc; path = HubView.m; sourceTree = "<group>"; };
		5F77C14E2204482B002A8300 /* Lucidelve.app */ = {isa = PBXFileReference; explicitFileType = wrapper.application; includeInIndex = 0; path = Lucidelve.app; sourceTree = BUILT_PRODUCTS_DIR; };
		5F77C1512204482B002A8300 /* AppDelegate.h */ = {isa = PBXFileReference; lastKnownFileType = sourcecode.c.h; path = AppDelegate.h; sourceTree = "<group>"; };
		5F77C1522204482B002A8300 /* AppDelegate.m */ = {isa = PBXFileReference; lastKnownFileType = sourcecode.c.objc; path = AppDelegate.m; sourceTree = "<group>"; };
		5F77C1542204482B002A8300 /* HubVC.h */ = {isa = PBXFileReference; lastKnownFileType = sourcecode.c.h; path = HubVC.h; sourceTree = "<group>"; };
		5F77C1552204482B002A8300 /* HubVC.m */ = {isa = PBXFileReference; lastKnownFileType = sourcecode.c.objc; path = HubVC.m; sourceTree = "<group>"; };
		5F77C15A2204482F002A8300 /* Assets.xcassets */ = {isa = PBXFileReference; lastKnownFileType = folder.assetcatalog; path = Assets.xcassets; sourceTree = "<group>"; };
		5F77C15D2204482F002A8300 /* Base */ = {isa = PBXFileReference; lastKnownFileType = file.storyboard; name = Base; path = Base.lproj/LaunchScreen.storyboard; sourceTree = "<group>"; };
		5F77C15F2204482F002A8300 /* Info.plist */ = {isa = PBXFileReference; lastKnownFileType = text.plist.xml; path = Info.plist; sourceTree = "<group>"; };
		5F77C1602204482F002A8300 /* main.m */ = {isa = PBXFileReference; lastKnownFileType = sourcecode.c.objc; path = main.m; sourceTree = "<group>"; };
		5F96A4D8220ACBD200026AD0 /* Player.h */ = {isa = PBXFileReference; lastKnownFileType = sourcecode.c.h; path = Player.h; sourceTree = "<group>"; };
		5F96A4D9220AD39100026AD0 /* Player.m */ = {isa = PBXFileReference; lastKnownFileType = sourcecode.c.objc; path = Player.m; sourceTree = "<group>"; };
		D6A4D46A220A86D7006FB2BB /* Utility.h */ = {isa = PBXFileReference; lastKnownFileType = sourcecode.c.h; path = Utility.h; sourceTree = "<group>"; };
		D6A4D46B220A86D7006FB2BB /* Utility.m */ = {isa = PBXFileReference; lastKnownFileType = sourcecode.c.objc; path = Utility.m; sourceTree = "<group>"; };
		D6B56A7D220AA9930092744F /* UtilityTests.xctest */ = {isa = PBXFileReference; explicitFileType = wrapper.cfbundle; includeInIndex = 0; path = UtilityTests.xctest; sourceTree = BUILT_PRODUCTS_DIR; };
		D6B56A7F220AA9930092744F /* UtilityTests.m */ = {isa = PBXFileReference; lastKnownFileType = sourcecode.c.objc; path = UtilityTests.m; sourceTree = "<group>"; };
		D6B56A81220AA9930092744F /* Info.plist */ = {isa = PBXFileReference; lastKnownFileType = text.plist.xml; path = Info.plist; sourceTree = "<group>"; };
		D6B56A96220AB5710092744F /* Assets */ = {isa = PBXFileReference; lastKnownFileType = folder; path = Assets; sourceTree = "<group>"; };
/* End PBXFileReference section */

/* Begin PBXFrameworksBuildPhase section */
		5F77C14B2204482B002A8300 /* Frameworks */ = {
			isa = PBXFrameworksBuildPhase;
			buildActionMask = 2147483647;
			files = (
			);
			runOnlyForDeploymentPostprocessing = 0;
		};
		D6B56A7A220AA9930092744F /* Frameworks */ = {
			isa = PBXFrameworksBuildPhase;
			buildActionMask = 2147483647;
			files = (
			);
			runOnlyForDeploymentPostprocessing = 0;
		};
/* End PBXFrameworksBuildPhase section */

/* Begin PBXGroup section */
		5F77C1452204482B002A8300 = {
			isa = PBXGroup;
			children = (
				5F77C1502204482B002A8300 /* Lucidelve */,
				D6B56A7E220AA9930092744F /* UtilityTests */,
				5F77C14F2204482B002A8300 /* Products */,
			);
			sourceTree = "<group>";
		};
		5F77C14F2204482B002A8300 /* Products */ = {
			isa = PBXGroup;
			children = (
				5F77C14E2204482B002A8300 /* Lucidelve.app */,
				D6B56A7D220AA9930092744F /* UtilityTests.xctest */,
			);
			name = Products;
			sourceTree = "<group>";
		};
		5F77C1502204482B002A8300 /* Lucidelve */ = {
			isa = PBXGroup;
			children = (
				5F77C1512204482B002A8300 /* AppDelegate.h */,
				5F77C1522204482B002A8300 /* AppDelegate.m */,
				5F77C1542204482B002A8300 /* HubVC.h */,
				5F77C1552204482B002A8300 /* HubVC.m */,
				5F77C15A2204482F002A8300 /* Assets.xcassets */,
				5F77C15C2204482F002A8300 /* LaunchScreen.storyboard */,
				5F77C15F2204482F002A8300 /* Info.plist */,
				5F77C1602204482F002A8300 /* main.m */,
				D6A4D46A220A86D7006FB2BB /* Utility.h */,
				D6A4D46B220A86D7006FB2BB /* Utility.m */,
				5F96A4D8220ACBD200026AD0 /* Player.h */,
				5F96A4D9220AD39100026AD0 /* Player.m */,
				5F67B66E220BD70B00227D14 /* HubView.h */,
				5F67B66F220BD75500227D14 /* HubView.m */,
			);
			path = Lucidelve;
			sourceTree = "<group>";
		};
		D6B56A7E220AA9930092744F /* UtilityTests */ = {
			isa = PBXGroup;
			children = (
				D6B56A7F220AA9930092744F /* UtilityTests.m */,
				D6B56A81220AA9930092744F /* Info.plist */,
				D6B56A96220AB5710092744F /* Assets */,
			);
			path = UtilityTests;
			sourceTree = "<group>";
		};
/* End PBXGroup section */

/* Begin PBXNativeTarget section */
		5F77C14D2204482B002A8300 /* Lucidelve */ = {
			isa = PBXNativeTarget;
			buildConfigurationList = 5F77C1642204482F002A8300 /* Build configuration list for PBXNativeTarget "Lucidelve" */;
			buildPhases = (
				5F77C14A2204482B002A8300 /* Sources */,
				5F77C14B2204482B002A8300 /* Frameworks */,
				5F77C14C2204482B002A8300 /* Resources */,
			);
			buildRules = (
			);
			dependencies = (
			);
			name = Lucidelve;
			productName = Lucidelve;
			productReference = 5F77C14E2204482B002A8300 /* Lucidelve.app */;
			productType = "com.apple.product-type.application";
		};
		D6B56A7C220AA9930092744F /* UtilityTests */ = {
			isa = PBXNativeTarget;
			buildConfigurationList = D6B56A84220AA9930092744F /* Build configuration list for PBXNativeTarget "UtilityTests" */;
			buildPhases = (
				D6B56A79220AA9930092744F /* Sources */,
				D6B56A7A220AA9930092744F /* Frameworks */,
				D6B56A7B220AA9930092744F /* Resources */,
			);
			buildRules = (
			);
			dependencies = (
				D6B56A83220AA9930092744F /* PBXTargetDependency */,
			);
			name = UtilityTests;
			productName = UtilityTests;
			productReference = D6B56A7D220AA9930092744F /* UtilityTests.xctest */;
			productType = "com.apple.product-type.bundle.unit-test";
		};
/* End PBXNativeTarget section */

/* Begin PBXProject section */
		5F77C1462204482B002A8300 /* Project object */ = {
			isa = PBXProject;
			attributes = {
				LastUpgradeCheck = 1010;
				ORGANIZATIONNAME = "COMP 8051";
				TargetAttributes = {
					5F77C14D2204482B002A8300 = {
						CreatedOnToolsVersion = 10.1;
					};
					D6B56A7C220AA9930092744F = {
						CreatedOnToolsVersion = 10.1;
						TestTargetID = 5F77C14D2204482B002A8300;
					};
				};
			};
			buildConfigurationList = 5F77C1492204482B002A8300 /* Build configuration list for PBXProject "Lucidelve" */;
			compatibilityVersion = "Xcode 9.3";
			developmentRegion = en;
			hasScannedForEncodings = 0;
			knownRegions = (
				en,
				Base,
			);
			mainGroup = 5F77C1452204482B002A8300;
			productRefGroup = 5F77C14F2204482B002A8300 /* Products */;
			projectDirPath = "";
			projectRoot = "";
			targets = (
				5F77C14D2204482B002A8300 /* Lucidelve */,
				D6B56A7C220AA9930092744F /* UtilityTests */,
			);
		};
/* End PBXProject section */

/* Begin PBXResourcesBuildPhase section */
		5F77C14C2204482B002A8300 /* Resources */ = {
			isa = PBXResourcesBuildPhase;
			buildActionMask = 2147483647;
			files = (
				5F77C15E2204482F002A8300 /* LaunchScreen.storyboard in Resources */,
				D6B56A95220AB49D0092744F /* Assets.xcassets in Resources */,
			);
			runOnlyForDeploymentPostprocessing = 0;
		};
		D6B56A7B220AA9930092744F /* Resources */ = {
			isa = PBXResourcesBuildPhase;
			buildActionMask = 2147483647;
			files = (
				D6B56A97220AB5710092744F /* Assets in Resources */,
			);
			runOnlyForDeploymentPostprocessing = 0;
		};
/* End PBXResourcesBuildPhase section */

/* Begin PBXSourcesBuildPhase section */
		5F77C14A2204482B002A8300 /* Sources */ = {
			isa = PBXSourcesBuildPhase;
			buildActionMask = 2147483647;
			files = (
				D6A4D46C220A86D7006FB2BB /* Utility.m in Sources */,
				5F77C1562204482B002A8300 /* HubVC.m in Sources */,
				5F67B670220BD75500227D14 /* HubView.m in Sources */,
				5F77C1612204482F002A8300 /* main.m in Sources */,
				5F77C1532204482B002A8300 /* AppDelegate.m in Sources */,
				5F96A4DA220AD39100026AD0 /* Player.m in Sources */,
			);
			runOnlyForDeploymentPostprocessing = 0;
		};
		D6B56A79220AA9930092744F /* Sources */ = {
			isa = PBXSourcesBuildPhase;
			buildActionMask = 2147483647;
			files = (
				D6B56A87220AA9B30092744F /* Utility.m in Sources */,
				D6B56A80220AA9930092744F /* UtilityTests.m in Sources */,
			);
			runOnlyForDeploymentPostprocessing = 0;
		};
/* End PBXSourcesBuildPhase section */

/* Begin PBXTargetDependency section */
		D6B56A83220AA9930092744F /* PBXTargetDependency */ = {
			isa = PBXTargetDependency;
			target = 5F77C14D2204482B002A8300 /* Lucidelve */;
			targetProxy = D6B56A82220AA9930092744F /* PBXContainerItemProxy */;
		};
/* End PBXTargetDependency section */

/* Begin PBXVariantGroup section */
		5F77C15C2204482F002A8300 /* LaunchScreen.storyboard */ = {
			isa = PBXVariantGroup;
			children = (
				5F77C15D2204482F002A8300 /* Base */,
			);
			name = LaunchScreen.storyboard;
			sourceTree = "<group>";
		};
/* End PBXVariantGroup section */

/* Begin XCBuildConfiguration section */
		5F77C1622204482F002A8300 /* Debug */ = {
			isa = XCBuildConfiguration;
			buildSettings = {
				ALWAYS_SEARCH_USER_PATHS = NO;
				CLANG_ANALYZER_NONNULL = YES;
				CLANG_ANALYZER_NUMBER_OBJECT_CONVERSION = YES_AGGRESSIVE;
				CLANG_CXX_LANGUAGE_STANDARD = "gnu++14";
				CLANG_CXX_LIBRARY = "libc++";
				CLANG_ENABLE_MODULES = YES;
				CLANG_ENABLE_OBJC_ARC = YES;
				CLANG_ENABLE_OBJC_WEAK = YES;
				CLANG_WARN_BLOCK_CAPTURE_AUTORELEASING = YES;
				CLANG_WARN_BOOL_CONVERSION = YES;
				CLANG_WARN_COMMA = YES;
				CLANG_WARN_CONSTANT_CONVERSION = YES;
				CLANG_WARN_DEPRECATED_OBJC_IMPLEMENTATIONS = YES;
				CLANG_WARN_DIRECT_OBJC_ISA_USAGE = YES_ERROR;
				CLANG_WARN_DOCUMENTATION_COMMENTS = YES;
				CLANG_WARN_EMPTY_BODY = YES;
				CLANG_WARN_ENUM_CONVERSION = YES;
				CLANG_WARN_INFINITE_RECURSION = YES;
				CLANG_WARN_INT_CONVERSION = YES;
				CLANG_WARN_NON_LITERAL_NULL_CONVERSION = YES;
				CLANG_WARN_OBJC_IMPLICIT_RETAIN_SELF = YES;
				CLANG_WARN_OBJC_LITERAL_CONVERSION = YES;
				CLANG_WARN_OBJC_ROOT_CLASS = YES_ERROR;
				CLANG_WARN_RANGE_LOOP_ANALYSIS = YES;
				CLANG_WARN_STRICT_PROTOTYPES = YES;
				CLANG_WARN_SUSPICIOUS_MOVE = YES;
				CLANG_WARN_UNGUARDED_AVAILABILITY = YES_AGGRESSIVE;
				CLANG_WARN_UNREACHABLE_CODE = YES;
				CLANG_WARN__DUPLICATE_METHOD_MATCH = YES;
				CODE_SIGN_IDENTITY = "iPhone Developer";
				COPY_PHASE_STRIP = NO;
				DEBUG_INFORMATION_FORMAT = dwarf;
				ENABLE_STRICT_OBJC_MSGSEND = YES;
				ENABLE_TESTABILITY = YES;
				GCC_C_LANGUAGE_STANDARD = gnu11;
				GCC_DYNAMIC_NO_PIC = NO;
				GCC_NO_COMMON_BLOCKS = YES;
				GCC_OPTIMIZATION_LEVEL = 0;
				GCC_PREPROCESSOR_DEFINITIONS = (
					"DEBUG=1",
					"$(inherited)",
				);
				GCC_WARN_64_TO_32_BIT_CONVERSION = YES;
				GCC_WARN_ABOUT_RETURN_TYPE = YES_ERROR;
				GCC_WARN_UNDECLARED_SELECTOR = YES;
				GCC_WARN_UNINITIALIZED_AUTOS = YES_AGGRESSIVE;
				GCC_WARN_UNUSED_FUNCTION = YES;
				GCC_WARN_UNUSED_VARIABLE = YES;
				IPHONEOS_DEPLOYMENT_TARGET = 12.1;
				MTL_ENABLE_DEBUG_INFO = INCLUDE_SOURCE;
				MTL_FAST_MATH = YES;
				ONLY_ACTIVE_ARCH = YES;
				SDKROOT = iphoneos;
			};
			name = Debug;
		};
		5F77C1632204482F002A8300 /* Release */ = {
			isa = XCBuildConfiguration;
			buildSettings = {
				ALWAYS_SEARCH_USER_PATHS = NO;
				CLANG_ANALYZER_NONNULL = YES;
				CLANG_ANALYZER_NUMBER_OBJECT_CONVERSION = YES_AGGRESSIVE;
				CLANG_CXX_LANGUAGE_STANDARD = "gnu++14";
				CLANG_CXX_LIBRARY = "libc++";
				CLANG_ENABLE_MODULES = YES;
				CLANG_ENABLE_OBJC_ARC = YES;
				CLANG_ENABLE_OBJC_WEAK = YES;
				CLANG_WARN_BLOCK_CAPTURE_AUTORELEASING = YES;
				CLANG_WARN_BOOL_CONVERSION = YES;
				CLANG_WARN_COMMA = YES;
				CLANG_WARN_CONSTANT_CONVERSION = YES;
				CLANG_WARN_DEPRECATED_OBJC_IMPLEMENTATIONS = YES;
				CLANG_WARN_DIRECT_OBJC_ISA_USAGE = YES_ERROR;
				CLANG_WARN_DOCUMENTATION_COMMENTS = YES;
				CLANG_WARN_EMPTY_BODY = YES;
				CLANG_WARN_ENUM_CONVERSION = YES;
				CLANG_WARN_INFINITE_RECURSION = YES;
				CLANG_WARN_INT_CONVERSION = YES;
				CLANG_WARN_NON_LITERAL_NULL_CONVERSION = YES;
				CLANG_WARN_OBJC_IMPLICIT_RETAIN_SELF = YES;
				CLANG_WARN_OBJC_LITERAL_CONVERSION = YES;
				CLANG_WARN_OBJC_ROOT_CLASS = YES_ERROR;
				CLANG_WARN_RANGE_LOOP_ANALYSIS = YES;
				CLANG_WARN_STRICT_PROTOTYPES = YES;
				CLANG_WARN_SUSPICIOUS_MOVE = YES;
				CLANG_WARN_UNGUARDED_AVAILABILITY = YES_AGGRESSIVE;
				CLANG_WARN_UNREACHABLE_CODE = YES;
				CLANG_WARN__DUPLICATE_METHOD_MATCH = YES;
				CODE_SIGN_IDENTITY = "iPhone Developer";
				COPY_PHASE_STRIP = NO;
				DEBUG_INFORMATION_FORMAT = "dwarf-with-dsym";
				ENABLE_NS_ASSERTIONS = NO;
				ENABLE_STRICT_OBJC_MSGSEND = YES;
				GCC_C_LANGUAGE_STANDARD = gnu11;
				GCC_NO_COMMON_BLOCKS = YES;
				GCC_WARN_64_TO_32_BIT_CONVERSION = YES;
				GCC_WARN_ABOUT_RETURN_TYPE = YES_ERROR;
				GCC_WARN_UNDECLARED_SELECTOR = YES;
				GCC_WARN_UNINITIALIZED_AUTOS = YES_AGGRESSIVE;
				GCC_WARN_UNUSED_FUNCTION = YES;
				GCC_WARN_UNUSED_VARIABLE = YES;
				IPHONEOS_DEPLOYMENT_TARGET = 12.1;
				MTL_ENABLE_DEBUG_INFO = NO;
				MTL_FAST_MATH = YES;
				SDKROOT = iphoneos;
				VALIDATE_PRODUCT = YES;
			};
			name = Release;
		};
		5F77C1652204482F002A8300 /* Debug */ = {
			isa = XCBuildConfiguration;
			buildSettings = {
				ASSETCATALOG_COMPILER_APPICON_NAME = AppIcon;
				CODE_SIGN_STYLE = Automatic;
				DEVELOPMENT_TEAM = FPV7K2X4HC;
				INFOPLIST_FILE = Lucidelve/Info.plist;
				IPHONEOS_DEPLOYMENT_TARGET = 9.0;
				LD_RUNPATH_SEARCH_PATHS = (
					"$(inherited)",
					"@executable_path/Frameworks",
				);
				PRODUCT_BUNDLE_IDENTIFIER = comp8051.Lucidelve;
				PRODUCT_NAME = "$(TARGET_NAME)";
				TARGETED_DEVICE_FAMILY = "1,2";
			};
			name = Debug;
		};
		5F77C1662204482F002A8300 /* Release */ = {
			isa = XCBuildConfiguration;
			buildSettings = {
				ASSETCATALOG_COMPILER_APPICON_NAME = AppIcon;
				CODE_SIGN_STYLE = Automatic;
				DEVELOPMENT_TEAM = FPV7K2X4HC;
				ENABLE_TESTABILITY = NO;
				INFOPLIST_FILE = Lucidelve/Info.plist;
				IPHONEOS_DEPLOYMENT_TARGET = 9.0;
				LD_RUNPATH_SEARCH_PATHS = (
					"$(inherited)",
					"@executable_path/Frameworks",
				);
				PRODUCT_BUNDLE_IDENTIFIER = comp8051.Lucidelve;
				PRODUCT_NAME = "$(TARGET_NAME)";
				TARGETED_DEVICE_FAMILY = "1,2";
			};
			name = Release;
		};
		D6B56A85220AA9930092744F /* Debug */ = {
			isa = XCBuildConfiguration;
			buildSettings = {
				BUNDLE_LOADER = "$(TEST_HOST)";
				CODE_SIGN_STYLE = Automatic;
				DEVELOPMENT_TEAM = W9HSJ7BJF2;
				INFOPLIST_FILE = UtilityTests/Info.plist;
				LD_RUNPATH_SEARCH_PATHS = (
					"$(inherited)",
					"@executable_path/Frameworks",
					"@loader_path/Frameworks",
				);
				PRODUCT_BUNDLE_IDENTIFIER = comp8051.Lucidelve.UtilityTests;
				PRODUCT_NAME = "$(TARGET_NAME)";
				TARGETED_DEVICE_FAMILY = "1,2";
				TEST_HOST = "$(BUILT_PRODUCTS_DIR)/Lucidelve.app/Lucidelve";
			};
			name = Debug;
		};
		D6B56A86220AA9930092744F /* Release */ = {
			isa = XCBuildConfiguration;
			buildSettings = {
				BUNDLE_LOADER = "$(TEST_HOST)";
				CODE_SIGN_STYLE = Automatic;
				DEVELOPMENT_TEAM = W9HSJ7BJF2;
				INFOPLIST_FILE = UtilityTests/Info.plist;
				LD_RUNPATH_SEARCH_PATHS = (
					"$(inherited)",
					"@executable_path/Frameworks",
					"@loader_path/Frameworks",
				);
				PRODUCT_BUNDLE_IDENTIFIER = comp8051.Lucidelve.UtilityTests;
				PRODUCT_NAME = "$(TARGET_NAME)";
				TARGETED_DEVICE_FAMILY = "1,2";
				TEST_HOST = "$(BUILT_PRODUCTS_DIR)/Lucidelve.app/Lucidelve";
			};
			name = Release;
		};
/* End XCBuildConfiguration section */

/* Begin XCConfigurationList section */
		5F77C1492204482B002A8300 /* Build configuration list for PBXProject "Lucidelve" */ = {
			isa = XCConfigurationList;
			buildConfigurations = (
				5F77C1622204482F002A8300 /* Debug */,
				5F77C1632204482F002A8300 /* Release */,
			);
			defaultConfigurationIsVisible = 0;
			defaultConfigurationName = Release;
		};
		5F77C1642204482F002A8300 /* Build configuration list for PBXNativeTarget "Lucidelve" */ = {
			isa = XCConfigurationList;
			buildConfigurations = (
				5F77C1652204482F002A8300 /* Debug */,
				5F77C1662204482F002A8300 /* Release */,
			);
			defaultConfigurationIsVisible = 0;
			defaultConfigurationName = Release;
		};
		D6B56A84220AA9930092744F /* Build configuration list for PBXNativeTarget "UtilityTests" */ = {
			isa = XCConfigurationList;
			buildConfigurations = (
				D6B56A85220AA9930092744F /* Debug */,
				D6B56A86220AA9930092744F /* Release */,
			);
			defaultConfigurationIsVisible = 0;
			defaultConfigurationName = Release;
		};
/* End XCConfigurationList section */
	};
	rootObject = 5F77C1462204482B002A8300 /* Project object */;
}
